
Microsoft Visual Studio Solution File, Format Version 12.00
# Visual Studio Version 17
VisualStudioVersion = 17.0.31903.59
MinimumVisualStudioVersion = 10.0.40219.1
Project("{9A19103F-16F7-4668-BE54-9A1E7A4F7556}") = "Locations", "Locations\Locations.csproj", "{3B3EA423-D194-4E4D-BFCF-456362316346}"
EndProject
Project("{9A19103F-16F7-4668-BE54-9A1E7A4F7556}") = "Locations.Contracts", "Locations.Contracts\Locations.Contracts.csproj", "{820EA620-2820-4F05-B963-B5C458127B24}"
EndProject
Project("{FAE04EC0-301F-11D3-BF4B-00C04F79EFBC}") = "MauiFrontendApplication", "MauiFrontendApplication\MauiFrontendApplication.csproj", "{DFDDC46D-7205-46B3-AE90-564311843A7A}"
EndProject
Global
	GlobalSection(SolutionConfigurationPlatforms) = preSolution
		Debug|Any CPU = Debug|Any CPU
		Release|Any CPU = Release|Any CPU
	EndGlobalSection
	GlobalSection(ProjectConfigurationPlatforms) = postSolution
		{3B3EA423-D194-4E4D-BFCF-456362316346}.Debug|Any CPU.ActiveCfg = Debug|Any CPU
		{3B3EA423-D194-4E4D-BFCF-456362316346}.Debug|Any CPU.Build.0 = Debug|Any CPU
		{3B3EA423-D194-4E4D-BFCF-456362316346}.Release|Any CPU.ActiveCfg = Release|Any CPU
		{3B3EA423-D194-4E4D-BFCF-456362316346}.Release|Any CPU.Build.0 = Release|Any CPU
		{820EA620-2820-4F05-B963-B5C458127B24}.Debug|Any CPU.ActiveCfg = Debug|Any CPU
		{820EA620-2820-4F05-B963-B5C458127B24}.Debug|Any CPU.Build.0 = Debug|Any CPU
		{820EA620-2820-4F05-B963-B5C458127B24}.Release|Any CPU.ActiveCfg = Release|Any CPU
		{820EA620-2820-4F05-B963-B5C458127B24}.Release|Any CPU.Build.0 = Release|Any CPU
		{DFDDC46D-7205-46B3-AE90-564311843A7A}.Debug|Any CPU.ActiveCfg = Debug|Any CPU
		{DFDDC46D-7205-46B3-AE90-564311843A7A}.Debug|Any CPU.Build.0 = Debug|Any CPU
		{DFDDC46D-7205-46B3-AE90-564311843A7A}.Debug|Any CPU.Deploy.0 = Debug|Any CPU
		{DFDDC46D-7205-46B3-AE90-564311843A7A}.Release|Any CPU.ActiveCfg = Release|Any CPU
		{DFDDC46D-7205-46B3-AE90-564311843A7A}.Release|Any CPU.Build.0 = Release|Any CPU
		{DFDDC46D-7205-46B3-AE90-564311843A7A}.Release|Any CPU.Deploy.0 = Release|Any CPU
	EndGlobalSection
	GlobalSection(SolutionProperties) = preSolution
		HideSolutionNode = FALSE
	EndGlobalSection
	GlobalSection(ExtensibilityGlobals) = postSolution
		SolutionGuid = {178B5899-72F9-46C2-BF86-B01880A00758}
	EndGlobalSection
EndGlobal
